
Microsoft Visual Studio Solution File, Format Version 12.00
# Visual Studio Version 17
VisualStudioVersion = 17.1.32319.34
MinimumVisualStudioVersion = 10.0.40219.1
Project("{9A19103F-16F7-4668-BE54-9A1E7A4F7556}") = "Factory", "Factory\Factory.csproj", "{3259D3B5-EC2D-4A67-89B5-5BF8A0D8B2C9}"
EndProject
Project("{9A19103F-16F7-4668-BE54-9A1E7A4F7556}") = "AbstractFactory", "AbstractFactory\AbstractFactory.csproj", "{C7DAFD54-5564-46AE-89F0-FE4368DC6F19}"
EndProject
Project("{9A19103F-16F7-4668-BE54-9A1E7A4F7556}") = "Singleton", "Singleton\Singleton.csproj", "{B99BEBC4-D619-4E70-9C07-90BBDEE166E6}"
EndProject
Project("{9A19103F-16F7-4668-BE54-9A1E7A4F7556}") = "Adapter", "Adapter\Adapter.csproj", "{A30EA555-A62E-4841-B6A6-6046737A6420}"
EndProject
Project("{FAE04EC0-301F-11D3-BF4B-00C04F79EFBC}") = "Template", "Template\Template.csproj", "{1BF21878-56B7-4FFE-8A17-CD7212D4E506}"
EndProject
Global
	GlobalSection(SolutionConfigurationPlatforms) = preSolution
		Debug|Any CPU = Debug|Any CPU
		Release|Any CPU = Release|Any CPU
	EndGlobalSection
	GlobalSection(ProjectConfigurationPlatforms) = postSolution
		{3259D3B5-EC2D-4A67-89B5-5BF8A0D8B2C9}.Debug|Any CPU.ActiveCfg = Debug|Any CPU
		{3259D3B5-EC2D-4A67-89B5-5BF8A0D8B2C9}.Debug|Any CPU.Build.0 = Debug|Any CPU
		{3259D3B5-EC2D-4A67-89B5-5BF8A0D8B2C9}.Release|Any CPU.ActiveCfg = Release|Any CPU
		{3259D3B5-EC2D-4A67-89B5-5BF8A0D8B2C9}.Release|Any CPU.Build.0 = Release|Any CPU
		{C7DAFD54-5564-46AE-89F0-FE4368DC6F19}.Debug|Any CPU.ActiveCfg = Debug|Any CPU
		{C7DAFD54-5564-46AE-89F0-FE4368DC6F19}.Debug|Any CPU.Build.0 = Debug|Any CPU
		{C7DAFD54-5564-46AE-89F0-FE4368DC6F19}.Release|Any CPU.ActiveCfg = Release|Any CPU
		{C7DAFD54-5564-46AE-89F0-FE4368DC6F19}.Release|Any CPU.Build.0 = Release|Any CPU
		{B99BEBC4-D619-4E70-9C07-90BBDEE166E6}.Debug|Any CPU.ActiveCfg = Debug|Any CPU
		{B99BEBC4-D619-4E70-9C07-90BBDEE166E6}.Debug|Any CPU.Build.0 = Debug|Any CPU
		{B99BEBC4-D619-4E70-9C07-90BBDEE166E6}.Release|Any CPU.ActiveCfg = Release|Any CPU
		{B99BEBC4-D619-4E70-9C07-90BBDEE166E6}.Release|Any CPU.Build.0 = Release|Any CPU
		{A30EA555-A62E-4841-B6A6-6046737A6420}.Debug|Any CPU.ActiveCfg = Debug|Any CPU
		{A30EA555-A62E-4841-B6A6-6046737A6420}.Debug|Any CPU.Build.0 = Debug|Any CPU
		{A30EA555-A62E-4841-B6A6-6046737A6420}.Release|Any CPU.ActiveCfg = Release|Any CPU
		{A30EA555-A62E-4841-B6A6-6046737A6420}.Release|Any CPU.Build.0 = Release|Any CPU
		{1BF21878-56B7-4FFE-8A17-CD7212D4E506}.Debug|Any CPU.ActiveCfg = Debug|Any CPU
		{1BF21878-56B7-4FFE-8A17-CD7212D4E506}.Debug|Any CPU.Build.0 = Debug|Any CPU
		{1BF21878-56B7-4FFE-8A17-CD7212D4E506}.Release|Any CPU.ActiveCfg = Release|Any CPU
		{1BF21878-56B7-4FFE-8A17-CD7212D4E506}.Release|Any CPU.Build.0 = Release|Any CPU
	EndGlobalSection
	GlobalSection(SolutionProperties) = preSolution
		HideSolutionNode = FALSE
	EndGlobalSection
	GlobalSection(ExtensibilityGlobals) = postSolution
		SolutionGuid = {F59AD655-072C-4BEC-88B4-1180F2A03870}
	EndGlobalSection
EndGlobal
